// !$*UTF8*$!
{
	archiveVersion = 1;
	classes = {
	};
	objectVersion = 46;
	objects = {

/* Begin PBXBuildFile section */
		93C93C5E1DD865F900A406EF /* main.m in Sources */ = {isa = PBXBuildFile; fileRef = 93C93C5D1DD865F900A406EF /* main.m */; };
		93C93C611DD865F900A406EF /* AppDelegate.m in Sources */ = {isa = PBXBuildFile; fileRef = 93C93C601DD865F900A406EF /* AppDelegate.m */; };
		93C93C641DD865F900A406EF /* ViewController.m in Sources */ = {isa = PBXBuildFile; fileRef = 93C93C631DD865F900A406EF /* ViewController.m */; };
		93C93C671DD865F900A406EF /* Main.storyboard in Resources */ = {isa = PBXBuildFile; fileRef = 93C93C651DD865F900A406EF /* Main.storyboard */; };
		93C93C691DD865F900A406EF /* Assets.xcassets in Resources */ = {isa = PBXBuildFile; fileRef = 93C93C681DD865F900A406EF /* Assets.xcassets */; };
		93C93C6C1DD865F900A406EF /* LaunchScreen.storyboard in Resources */ = {isa = PBXBuildFile; fileRef = 93C93C6A1DD865F900A406EF /* LaunchScreen.storyboard */; };
		93C93C751DD866DC00A406EF /* ZFFlowLayout.m in Sources */ = {isa = PBXBuildFile; fileRef = 93C93C741DD866DC00A406EF /* ZFFlowLayout.m */; };
		93C93C781DD8670700A406EF /* ZFRoundLayout.m in Sources */ = {isa = PBXBuildFile; fileRef = 93C93C771DD8670700A406EF /* ZFRoundLayout.m */; };
/* End PBXBuildFile section */

/* Begin PBXFileReference section */
		93C93C591DD865F900A406EF /* 环形布局.app */ = {isa = PBXFileReference; explicitFileType = wrapper.application; includeInIndex = 0; path = "环形布局.app"; sourceTree = BUILT_PRODUCTS_DIR; };
		93C93C5D1DD865F900A406EF /* main.m */ = {isa = PBXFileReference; lastKnownFileType = sourcecode.c.objc; path = main.m; sourceTree = "<group>"; };
		93C93C5F1DD865F900A406EF /* AppDelegate.h */ = {isa = PBXFileReference; lastKnownFileType = sourcecode.c.h; path = AppDelegate.h; sourceTree = "<group>"; };
		93C93C601DD865F900A406EF /* AppDelegate.m */ = {isa = PBXFileReference; lastKnownFileType = sourcecode.c.objc; path = AppDelegate.m; sourceTree = "<group>"; };
		93C93C621DD865F900A406EF /* ViewController.h */ = {isa = PBXFileReference; lastKnownFileType = sourcecode.c.h; path = ViewController.h; sourceTree = "<group>"; };
		93C93C631DD865F900A406EF /* ViewController.m */ = {isa = PBXFileReference; lastKnownFileType = sourcecode.c.objc; path = ViewController.m; sourceTree = "<group>"; };
		93C93C661DD865F900A406EF /* Base */ = {isa = PBXFileReference; lastKnownFileType = file.storyboard; name = Base; path = Base.lproj/Main.storyboard; sourceTree = "<group>"; };
		93C93C681DD865F900A406EF /* Assets.xcassets */ = {isa = PBXFileReference; lastKnownFileType = folder.assetcatalog; path = Assets.xcassets; sourceTree = "<group>"; };
		93C93C6B1DD865F900A406EF /* Base */ = {isa = PBXFileReference; lastKnownFileType = file.storyboard; name = Base; path = Base.lproj/LaunchScreen.storyboard; sourceTree = "<group>"; };
		93C93C6D1DD865F900A406EF /* Info.plist */ = {isa = PBXFileReference; lastKnownFileType = text.plist.xml; path = Info.plist; sourceTree = "<group>"; };
		93C93C731DD866DC00A406EF /* ZFFlowLayout.h */ = {isa = PBXFileReference; fileEncoding = 4; lastKnownFileType = sourcecode.c.h; path = ZFFlowLayout.h; sourceTree = "<group>"; };
		93C93C741DD866DC00A406EF /* ZFFlowLayout.m */ = {isa = PBXFileReference; fileEncoding = 4; lastKnownFileType = sourcecode.c.objc; path = ZFFlowLayout.m; sourceTree = "<group>"; };
		93C93C761DD8670700A406EF /* ZFRoundLayout.h */ = {isa = PBXFileReference; fileEncoding = 4; lastKnownFileType = sourcecode.c.h; path = ZFRoundLayout.h; sourceTree = "<group>"; };
		93C93C771DD8670700A406EF /* ZFRoundLayout.m */ = {isa = PBXFileReference; fileEncoding = 4; lastKnownFileType = sourcecode.c.objc; path = ZFRoundLayout.m; sourceTree = "<group>"; };
/* End PBXFileReference section */

/* Begin PBXFrameworksBuildPhase section */
		93C93C561DD865F900A406EF /* Frameworks */ = {
			isa = PBXFrameworksBuildPhase;
			buildActionMask = 2147483647;
			files = (
			);
			runOnlyForDeploymentPostprocessing = 0;
		};
/* End PBXFrameworksBuildPhase section */

/* Begin PBXGroup section */
		93C93C501DD865F900A406EF = {
			isa = PBXGroup;
			children = (
				93C93C5B1DD865F900A406EF /* 环形布局 */,
				93C93C5A1DD865F900A406EF /* Products */,
			);
			sourceTree = "<group>";
		};
		93C93C5A1DD865F900A406EF /* Products */ = {
			isa = PBXGroup;
			children = (
				93C93C591DD865F900A406EF /* 环形布局.app */,
			);
			name = Products;
			sourceTree = "<group>";
		};
		93C93C5B1DD865F900A406EF /* 环形布局 */ = {
			isa = PBXGroup;
			children = (
				93C93C5F1DD865F900A406EF /* AppDelegate.h */,
				93C93C601DD865F900A406EF /* AppDelegate.m */,
				93C93C621DD865F900A406EF /* ViewController.h */,
				93C93C631DD865F900A406EF /* ViewController.m */,
				93C93C731DD866DC00A406EF /* ZFFlowLayout.h */,
				93C93C741DD866DC00A406EF /* ZFFlowLayout.m */,
				93C93C761DD8670700A406EF /* ZFRoundLayout.h */,
				93C93C771DD8670700A406EF /* ZFRoundLayout.m */,
				93C93C651DD865F900A406EF /* Main.storyboard */,
				93C93C681DD865F900A406EF /* Assets.xcassets */,
				93C93C6A1DD865F900A406EF /* LaunchScreen.storyboard */,
				93C93C6D1DD865F900A406EF /* Info.plist */,
				93C93C5C1DD865F900A406EF /* Supporting Files */,
			);
			path = "环形布局";
			sourceTree = "<group>";
		};
		93C93C5C1DD865F900A406EF /* Supporting Files */ = {
			isa = PBXGroup;
			children = (
				93C93C5D1DD865F900A406EF /* main.m */,
			);
			name = "Supporting Files";
			sourceTree = "<group>";
		};
/* End PBXGroup section */

/* Begin PBXNativeTarget section */
		93C93C581DD865F900A406EF /* 环形布局 */ = {
			isa = PBXNativeTarget;
			buildConfigurationList = 93C93C701DD865F900A406EF /* Build configuration list for PBXNativeTarget "环形布局" */;
			buildPhases = (
				93C93C551DD865F900A406EF /* Sources */,
				93C93C561DD865F900A406EF /* Frameworks */,
				93C93C571DD865F900A406EF /* Resources */,
			);
			buildRules = (
			);
			dependencies = (
			);
			name = "环形布局";
			productName = "环形布局";
			productReference = 93C93C591DD865F900A406EF /* 环形布局.app */;
			productType = "com.apple.product-type.application";
		};
/* End PBXNativeTarget section */

/* Begin PBXProject section */
		93C93C511DD865F900A406EF /* Project object */ = {
			isa = PBXProject;
			attributes = {
				LastUpgradeCheck = 0810;
				ORGANIZATIONNAME = "曾凡怡";
				TargetAttributes = {
					93C93C581DD865F900A406EF = {
						CreatedOnToolsVersion = 8.1;
						DevelopmentTeam = 2JBKB386B9;
						ProvisioningStyle = Automatic;
					};
				};
			};
			buildConfigurationList = 93C93C541DD865F900A406EF /* Build configuration list for PBXProject "环形布局" */;
			compatibilityVersion = "Xcode 3.2";
			developmentRegion = English;
			hasScannedForEncodings = 0;
			knownRegions = (
				en,
				Base,
			);
			mainGroup = 93C93C501DD865F900A406EF;
			productRefGroup = 93C93C5A1DD865F900A406EF /* Products */;
			projectDirPath = "";
			projectRoot = "";
			targets = (
				93C93C581DD865F900A406EF /* 环形布局 */,
			);
		};
/* End PBXProject section */

/* Begin PBXResourcesBuildPhase section */
		93C93C571DD865F900A406EF /* Resources */ = {
			isa = PBXResourcesBuildPhase;
			buildActionMask = 2147483647;
			files = (
				93C93C6C1DD865F900A406EF /* LaunchScreen.storyboard in Resources */,
				93C93C691DD865F900A406EF /* Assets.xcassets in Resources */,
				93C93C671DD865F900A406EF /* Main.storyboard in Resources */,
			);
			runOnlyForDeploymentPostprocessing = 0;
		};
/* End PBXResourcesBuildPhase section */

/* Begin PBXSourcesBuildPhase section */
		93C93C551DD865F900A406EF /* Sources */ = {
			isa = PBXSourcesBuildPhase;
			buildActionMask = 2147483647;
			files = (
				93C93C641DD865F900A406EF /* ViewController.m in Sources */,
				93C93C611DD865F900A406EF /* AppDelegate.m in Sources */,
				93C93C781DD8670700A406EF /* ZFRoundLayout.m in Sources */,
				93C93C5E1DD865F900A406EF /* main.m in Sources */,
				93C93C751DD866DC00A406EF /* ZFFlowLayout.m in Sources */,
			);
			runOnlyForDeploymentPostprocessing = 0;
		};
/* End PBXSourcesBuildPhase section */

/* Begin PBXVariantGroup section */
		93C93C651DD865F900A406EF /* Main.storyboard */ = {
			isa = PBXVariantGroup;
			children = (
				93C93C661DD865F900A406EF /* Base */,
			);
			name = Main.storyboard;
			sourceTree = "<group>";
		};
		93C93C6A1DD865F900A406EF /* LaunchScreen.storyboard */ = {
			isa = PBXVariantGroup;
			children = (
				93C93C6B1DD865F900A406EF /* Base */,
			);
			name = LaunchScreen.storyboard;
			sourceTree = "<group>";
		};
/* End PBXVariantGroup section */

/* Begin XCBuildConfiguration section */
		93C93C6E1DD865F900A406EF /* Debug */ = {
			isa = XCBuildConfiguration;
			buildSettings = {
				ALWAYS_SEARCH_USER_PATHS = NO;
				CLANG_ANALYZER_NONNULL = YES;
				CLANG_CXX_LANGUAGE_STANDARD = "gnu++0x";
				CLANG_CXX_LIBRARY = "libc++";
				CLANG_ENABLE_MODULES = YES;
				CLANG_ENABLE_OBJC_ARC = YES;
				CLANG_WARN_BOOL_CONVERSION = YES;
				CLANG_WARN_CONSTANT_CONVERSION = YES;
				CLANG_WARN_DIRECT_OBJC_ISA_USAGE = YES_ERROR;
				CLANG_WARN_DOCUMENTATION_COMMENTS = YES;
				CLANG_WARN_EMPTY_BODY = YES;
				CLANG_WARN_ENUM_CONVERSION = YES;
				CLANG_WARN_INFINITE_RECURSION = YES;
				CLANG_WARN_INT_CONVERSION = YES;
				CLANG_WARN_OBJC_ROOT_CLASS = YES_ERROR;
				CLANG_WARN_SUSPICIOUS_MOVES = YES;
				CLANG_WARN_UNREACHABLE_CODE = YES;
				CLANG_WARN__DUPLICATE_METHOD_MATCH = YES;
				"CODE_SIGN_IDENTITY[sdk=iphoneos*]" = "iPhone Developer";
				COPY_PHASE_STRIP = NO;
				DEBUG_INFORMATION_FORMAT = dwarf;
				ENABLE_STRICT_OBJC_MSGSEND = YES;
				ENABLE_TESTABILITY = YES;
				GCC_C_LANGUAGE_STANDARD = gnu99;
				GCC_DYNAMIC_NO_PIC = NO;
				GCC_NO_COMMON_BLOCKS = YES;
				GCC_OPTIMIZATION_LEVEL = 0;
				GCC_PREPROCESSOR_DEFINITIONS = (
					"DEBUG=1",
					"$(inherited)",
				);
				GCC_WARN_64_TO_32_BIT_CONVERSION = YES;
				GCC_WARN_ABOUT_RETURN_TYPE = YES_ERROR;
				GCC_WARN_UNDECLARED_SELECTOR = YES;
				GCC_WARN_UNINITIALIZED_AUTOS = YES_AGGRESSIVE;
				GCC_WARN_UNUSED_FUNCTION = YES;
				GCC_WARN_UNUSED_VARIABLE = YES;
				IPHONEOS_DEPLOYMENT_TARGET = 10.1;
				MTL_ENABLE_DEBUG_INFO = YES;
				ONLY_ACTIVE_ARCH = YES;
				SDKROOT = iphoneos;
			};
			name = Debug;
		};
		93C93C6F1DD865F900A406EF /* Release */ = {
			isa = XCBuildConfiguration;
			buildSettings = {
				ALWAYS_SEARCH_USER_PATHS = NO;
				CLANG_ANALYZER_NONNULL = YES;
				CLANG_CXX_LANGUAGE_STANDARD = "gnu++0x";
				CLANG_CXX_LIBRARY = "libc++";
				CLANG_ENABLE_MODULES = YES;
				CLANG_ENABLE_OBJC_ARC = YES;
				CLANG_WARN_BOOL_CONVERSION = YES;
				CLANG_WARN_CONSTANT_CONVERSION = YES;
				CLANG_WARN_DIRECT_OBJC_ISA_USAGE = YES_ERROR;
				CLANG_WARN_DOCUMENTATION_COMMENTS = YES;
				CLANG_WARN_EMPTY_BODY = YES;
				CLANG_WARN_ENUM_CONVERSION = YES;
				CLANG_WARN_INFINITE_RECURSION = YES;
				CLANG_WARN_INT_CONVERSION = YES;
				CLANG_WARN_OBJC_ROOT_CLASS = YES_ERROR;
				CLANG_WARN_SUSPICIOUS_MOVES = YES;
				CLANG_WARN_UNREACHABLE_CODE = YES;
				CLANG_WARN__DUPLICATE_METHOD_MATCH = YES;
				"CODE_SIGN_IDENTITY[sdk=iphoneos*]" = "iPhone Developer";
				COPY_PHASE_STRIP = NO;
				DEBUG_INFORMATION_FORMAT = "dwarf-with-dsym";
				ENABLE_NS_ASSERTIONS = NO;
				ENABLE_STRICT_OBJC_MSGSEND = YES;
				GCC_C_LANGUAGE_STANDARD = gnu99;
				GCC_NO_COMMON_BLOCKS = YES;
				GCC_WARN_64_TO_32_BIT_CONVERSION = YES;
				GCC_WARN_ABOUT_RETURN_TYPE = YES_ERROR;
				GCC_WARN_UNDECLARED_SELECTOR = YES;
				GCC_WARN_UNINITIALIZED_AUTOS = YES_AGGRESSIVE;
				GCC_WARN_UNUSED_FUNCTION = YES;
				GCC_WARN_UNUSED_VARIABLE = YES;
				IPHONEOS_DEPLOYMENT_TARGET = 10.1;
				MTL_ENABLE_DEBUG_INFO = NO;
				SDKROOT = iphoneos;
				VALIDATE_PRODUCT = YES;
			};
			name = Release;
		};
		93C93C711DD865F900A406EF /* Debug */ = {
			isa = XCBuildConfiguration;
			buildSettings = {
				ASSETCATALOG_COMPILER_APPICON_NAME = AppIcon;
				DEVELOPMENT_TEAM = 2JBKB386B9;
				INFOPLIST_FILE = "环形布局/Info.plist";
				LD_RUNPATH_SEARCH_PATHS = "$(inherited) @executable_path/Frameworks";
				PRODUCT_BUNDLE_IDENTIFIER = "net.yeah-fanyizeng.----";
				PRODUCT_NAME = "$(TARGET_NAME)";
			};
			name = Debug;
		};
		93C93C721DD865F900A406EF /* Release */ = {
			isa = XCBuildConfiguration;
			buildSettings = {
				ASSETCATALOG_COMPILER_APPICON_NAME = AppIcon;
				DEVELOPMENT_TEAM = 2JBKB386B9;
				INFOPLIST_FILE = "环形布局/Info.plist";
				LD_RUNPATH_SEARCH_PATHS = "$(inherited) @executable_path/Frameworks";
				PRODUCT_BUNDLE_IDENTIFIER = "net.yeah-fanyizeng.----";
				PRODUCT_NAME = "$(TARGET_NAME)";
			};
			name = Release;
		};
/* End XCBuildConfiguration section */

/* Begin XCConfigurationList section */
		93C93C541DD865F900A406EF /* Build configuration list for PBXProject "环形布局" */ = {
			isa = XCConfigurationList;
			buildConfigurations = (
				93C93C6E1DD865F900A406EF /* Debug */,
				93C93C6F1DD865F900A406EF /* Release */,
			);
			defaultConfigurationIsVisible = 0;
			defaultConfigurationName = Release;
		};
		93C93C701DD865F900A406EF /* Build configuration list for PBXNativeTarget "环形布局" */ = {
			isa = XCConfigurationList;
			buildConfigurations = (
				93C93C711DD865F900A406EF /* Debug */,
				93C93C721DD865F900A406EF /* Release */,
			);
			defaultConfigurationIsVisible = 0;
		};
/* End XCConfigurationList section */
	};
	rootObject = 93C93C511DD865F900A406EF /* Project object */;
}
